<?xml version="1.0" encoding="utf-8"?>
<Project ToolsVersion="4.0" xmlns="http://schemas.microsoft.com/developer/msbuild/2003">
  <ItemGroup>
    <Filter Include="Source Files">
      <UniqueIdentifier>{4FC737F1-C7A5-4376-A066-2A32D752A2FF}</UniqueIdentifier>
      <Extensions>cpp;c;cc;cxx;c++;cppm;ixx;def;odl;idl;hpj;bat;asm;asmx</Extensions>
    </Filter>
    <Filter Include="Header Files">
      <UniqueIdentifier>{93995380-89BD-4b04-88EB-625FBE52EBFB}</UniqueIdentifier>
      <Extensions>h;hh;hpp;hxx;h++;hm;inl;inc;ipp;xsd</Extensions>
    </Filter>
    <Filter Include="Resource Files">
      <UniqueIdentifier>{67DA6AB6-F800-4c08-8B7A-83BB121AAD01}</UniqueIdentifier>
      <Extensions>rc;ico;cur;bmp;dlg;rc2;rct;bin;rgs;gif;jpg;jpeg;jpe;resx;tiff;tif;png;wav;mfcribbon-ms</Extensions>
    </Filter>
    <Filter Include="Header Files\gpro-net">
      <UniqueIdentifier>{a461d2ed-1d2c-4caa-b788-6f6b77d63bcd}</UniqueIdentifier>
    </Filter>
    <Filter Include="Source Files\gpro-net">
      <UniqueIdentifier>{f9c60c64-b9ab-4b5b-a549-06fd4f66916b}</UniqueIdentifier>
    </Filter>
    <Filter Include="Header Files\gpro-net\gpro-net-util">
      <UniqueIdentifier>{246eed38-7b1f-4577-9a59-46d6cad3c9e9}</UniqueIdentifier>
    </Filter>
    <Filter Include="Source Files\gpro-net\gpro-net-util">
      <UniqueIdentifier>{00355e35-6bb6-4c33-844f-1d05cf09a402}</UniqueIdentifier>
    </Filter>
  </ItemGroup>
  <ItemGroup>
    <ClInclude Include="..\..\..\include\gpro-net\gpro-net.h">
      <Filter>Header Files</Filter>
    </ClInclude>
    <ClInclude Include="..\..\..\include\gpro-net\gpro-net\gpro-net-util\gpro-net-console.h">
      <Filter>Header Files\gpro-net\gpro-net-util</Filter>
    </ClInclude>
    <ClInclude Include="..\..\..\include\gpro-net\gpro-net\gpro-net-util\gpro-net-gamestate.h">
      <Filter>Header Files\gpro-net\gpro-net-util</Filter>
    </ClInclude>
    <ClInclude Include="..\..\..\include\gpro-net\gpro-net\gpro-net-util\gpro-net-lib.h">
      <Filter>Header Files\gpro-net\gpro-net-util</Filter>
    </ClInclude>
    <ClInclude Include="..\..\..\include\gpro-net\gpro-net\gpro-net-RakNet.hpp">
      <Filter>Header Files\gpro-net</Filter>
    </ClInclude>
  </ItemGroup>
  <ItemGroup>
    <ClCompile Include="..\..\..\source\gpro-net\gpro-net.c">
      <Filter>Source Files</Filter>
    </ClCompile>
    <ClCompile Include="..\..\..\source\gpro-net\gpro-net\gpro-net-util\gpro-net-console_win.c">
      <Filter>Source Files\gpro-net\gpro-net-util</Filter>
    </ClCompile>
    <ClCompile Include="..\..\..\source\gpro-net\gpro-net\gpro-net-RakNet.cpp">
      <Filter>Source Files\gpro-net</Filter>
    </ClCompile>
  </ItemGroup>
</Project>